
Microsoft Visual Studio Solution File, Format Version 12.00
# Visual Studio 15
VisualStudioVersion = 15.0.28307.106
MinimumVisualStudioVersion = 10.0.40219.1
Project("{FAE04EC0-301F-11D3-BF4B-00C04F79EFBC}") = "Homework_3_OOP", "Homework_5_Files.prj\Homework_3_OOP.csproj", "{89EAB74B-4B0B-4C3E-837E-6A604A0000CA}"
EndProject
Global
	GlobalSection(SolutionConfigurationPlatforms) = preSolution
		Debug|x64 = Debug|x64
		Release|x64 = Release|x64
	EndGlobalSection
	GlobalSection(ProjectConfigurationPlatforms) = postSolution
		{89EAB74B-4B0B-4C3E-837E-6A604A0000CA}.Debug|x64.ActiveCfg = Debug|x64
		{89EAB74B-4B0B-4C3E-837E-6A604A0000CA}.Debug|x64.Build.0 = Debug|x64
		{89EAB74B-4B0B-4C3E-837E-6A604A0000CA}.Release|x64.ActiveCfg = Release|x64
		{89EAB74B-4B0B-4C3E-837E-6A604A0000CA}.Release|x64.Build.0 = Release|x64
	EndGlobalSection
	GlobalSection(SolutionProperties) = preSolution
		HideSolutionNode = FALSE
	EndGlobalSection
	GlobalSection(ExtensibilityGlobals) = postSolution
		SolutionGuid = {FDA9DE4D-DDD3-48D7-8CB5-EBFFF4AF15FA}
	EndGlobalSection
EndGlobal
